<?xml version="1.0" encoding="UTF-8"?>
<Scheme LastUpgradeVersion="2630" version="1.3">
  <BuildAction parallelizeBuildables="YES" buildImplicitDependencies="YES">
    <BuildActionEntries>
      <BuildActionEntry buildForTesting="YES" buildForRunning="NO" buildForProfiling="NO" buildForArchiving="NO" buildForAnalyzing="YES">
        <BuildableReference BuildableIdentifier="primary" BlueprintIdentifier="C00903000000000000000006" BuildableName="RenderLifecycleTests.xctest" BlueprintName="RenderLifecycleTests" ReferencedContainer="container:NeoMD.xcodeproj"/>
      </BuildActionEntry>
    </BuildActionEntries>
  </BuildAction>
  <TestAction buildConfiguration="Debug" shouldUseLaunchSchemeArgsEnv="YES">
    <Testables>
      <TestableReference skipped="NO" parallelizable="NO">
        <BuildableReference BuildableIdentifier="primary" BlueprintIdentifier="C00903000000000000000006" BuildableName="RenderLifecycleTests.xctest" BlueprintName="RenderLifecycleTests" ReferencedContainer="container:NeoMD.xcodeproj"/>
      </TestableReference>
    </Testables>
  </TestAction>
</Scheme>
